
Microsoft Visual Studio Solution File, Format Version 12.00
# Visual Studio Version 17
VisualStudioVersion = 17.11.35312.102
MinimumVisualStudioVersion = 10.0.40219.1
Project("{2150E333-8FDC-42A3-9474-1A3956D46DE8}") = "Task0", "Task0", "{CE244F25-FA83-468D-A3B4-D759D72524CF}"
EndProject
Project("{9A19103F-16F7-4668-BE54-9A1E7A4F7556}") = "Tyuiu.KorobeinikovaDD.Sprint2.Task0.V17", "Tyuiu.KorobeinikovaDD.Sprint2.Task0.V17\Tyuiu.KorobeinikovaDD.Sprint2.Task0.V17.csproj", "{5C5A20AD-C92D-4C43-BF4B-1CCED5B7073E}"
EndProject
Project("{9A19103F-16F7-4668-BE54-9A1E7A4F7556}") = "Tyuiu.KorobeinikovaDD.Sprint2.Task0.V17.Lib", "Tyuiu.KorobeinikovaDD.Sprint2.Task0.V17.Lib\Tyuiu.KorobeinikovaDD.Sprint2.Task0.V17.Lib.csproj", "{B734F119-3DA8-49B3-9A12-4CCDC4562266}"
EndProject
Project("{9A19103F-16F7-4668-BE54-9A1E7A4F7556}") = "Tyuiu.KorobeinikovaDD.Sprint2.Task0.V17.Test", "Tyuiu.KorobeinikovaDD.Sprint2.Task0.V17.Test\Tyuiu.KorobeinikovaDD.Sprint2.Task0.V17.Test.csproj", "{08A1690D-5367-406B-91AA-15A913906455}"
EndProject
Project("{2150E333-8FDC-42A3-9474-1A3956D46DE8}") = "Task1", "Task1", "{469B2E9E-51DC-4610-935B-ACB64AA9D1EF}"
EndProject
Project("{9A19103F-16F7-4668-BE54-9A1E7A4F7556}") = "Tyuiu.KorobeinikovaDD.Sprint2.Task1.V22", "Tyuiu.KorobeinikovaDD.Sprint2.Task1.V22\Tyuiu.KorobeinikovaDD.Sprint2.Task1.V22.csproj", "{6DC170CC-B620-49E1-A89E-F1F219D40898}"
EndProject
Project("{9A19103F-16F7-4668-BE54-9A1E7A4F7556}") = "Tyuiu.KorobeinikovaDD.Sprint2.Task1.V22.Test", "Tyuiu.KorobeinikovaDD.Sprint2.Task1.V22.Test\Tyuiu.KorobeinikovaDD.Sprint2.Task1.V22.Test.csproj", "{D818B96A-83B1-42E3-9E0A-FC2C16B2E802}"
EndProject
Project("{9A19103F-16F7-4668-BE54-9A1E7A4F7556}") = "Tyuiu.KorobeinikovaDD.Sprint2.Task1.V22.Lib", "Tyuiu.KorobeinikovaDD.Sprint2.Task1.V22.Lib\Tyuiu.KorobeinikovaDD.Sprint2.Task1.V22.Lib.csproj", "{9AF1DF7A-0F70-4E32-9EC0-41C8492C142A}"
EndProject
Project("{2150E333-8FDC-42A3-9474-1A3956D46DE8}") = "Task2", "Task2", "{5A8A506B-FCD4-4C63-A383-922825C906CA}"
EndProject
Project("{9A19103F-16F7-4668-BE54-9A1E7A4F7556}") = "Tyuiu.KorobeinikovaDD.Sprint2.Task2.V13", "Tyuiu.KorobeinikovaDD.Sprint2.Task2.V13\Tyuiu.KorobeinikovaDD.Sprint2.Task2.V13.csproj", "{C0C4B069-029C-4956-806F-52C4D7BC0DA0}"
EndProject
Project("{9A19103F-16F7-4668-BE54-9A1E7A4F7556}") = "Tyuiu.KorobeinikovaDD.Sprint2.Task2.V13.Lib", "Tyuiu.KorobeinikovaDD.Sprint2.Task2.V13.Lib\Tyuiu.KorobeinikovaDD.Sprint2.Task2.V13.Lib.csproj", "{F9DBB3FA-7EC5-49EB-BAE1-89BAD84111C0}"
EndProject
Project("{9A19103F-16F7-4668-BE54-9A1E7A4F7556}") = "Tyuiu.KorobeinikovaDD.Sprint2.Task2.V13.Test", "Tyuiu.KorobeinikovaDD.Sprint2.Task2.V13.Test\Tyuiu.KorobeinikovaDD.Sprint2.Task2.V13.Test.csproj", "{E6B8384F-9788-45AC-9DCC-5776141FCC75}"
EndProject
Project("{2150E333-8FDC-42A3-9474-1A3956D46DE8}") = "Task3", "Task3", "{9A1020C6-C45A-44F7-8E4F-8E31B4596830}"
EndProject
Project("{9A19103F-16F7-4668-BE54-9A1E7A4F7556}") = "Tyuiu.KorobeinikovaDD.Sprint2.Task3.V18", "Tyuiu.KorobeinikovaDD.Sprint2.Task3.V18\Tyuiu.KorobeinikovaDD.Sprint2.Task3.V18.csproj", "{03B2F9B1-B5AF-4392-B716-E1088EE54CF0}"
EndProject
Project("{9A19103F-16F7-4668-BE54-9A1E7A4F7556}") = "Tyuiu.KorobeinikovaDD.Sprint2.Task3.V18.Lib", "Tyuiu.KorobeinikovaDD.Sprint2.Task3.V18.Lib\Tyuiu.KorobeinikovaDD.Sprint2.Task3.V18.Lib.csproj", "{05E74BF6-90A5-4179-97DB-8FA52D6CA25A}"
EndProject
Project("{9A19103F-16F7-4668-BE54-9A1E7A4F7556}") = "Tyuiu.KorobeinikovaDD.Sprint2.Task3.V18.Test", "Tyuiu.KorobeinikovaDD.Sprint2.Task3.V18.Test\Tyuiu.KorobeinikovaDD.Sprint2.Task3.V18.Test.csproj", "{87C9A3D7-E3B6-4DAD-A5C6-C83A6EB382FC}"
EndProject
Project("{2150E333-8FDC-42A3-9474-1A3956D46DE8}") = "Task4", "Task4", "{EE9526EC-2323-4AEA-A284-1983F5B3833E}"
EndProject
Project("{9A19103F-16F7-4668-BE54-9A1E7A4F7556}") = "Tyuiu.KorobeinikovaDD.Sprint2.Task4.V24", "Tyuiu.KorobeinikovaDD.Sprint2.Task4.V24\Tyuiu.KorobeinikovaDD.Sprint2.Task4.V24.csproj", "{5CF2DF19-96A3-4731-BE09-81C3B8983394}"
EndProject
Project("{9A19103F-16F7-4668-BE54-9A1E7A4F7556}") = "Tyuiu.KorobeinikovaDD.Sprint2.Task4.V24.Lib", "Tyuiu.KorobeinikovaDD.Sprint2.Task4.V24.Lib\Tyuiu.KorobeinikovaDD.Sprint2.Task4.V24.Lib.csproj", "{1C5F00B2-0B76-462B-87AC-5931CA5377A4}"
EndProject
Project("{9A19103F-16F7-4668-BE54-9A1E7A4F7556}") = "Tyuiu.KorobeinikovaDD.Sprint2.Task4.V24.Test", "Tyuiu.KorobeinikovaDD.Sprint2.Task4.V24.Test\Tyuiu.KorobeinikovaDD.Sprint2.Task4.V24.Test.csproj", "{D7FDE9BB-68EF-4758-AF89-E9B5AE52C1FC}"
EndProject
Project("{2150E333-8FDC-42A3-9474-1A3956D46DE8}") = "Task5", "Task5", "{A55894F2-25E0-4360-A7DD-67083476DCCE}"
EndProject
Project("{FAE04EC0-301F-11D3-BF4B-00C04F79EFBC}") = "Tyuiu.KorobeinikovaDD.Sprint2.Task5.V8", "Tyuiu.KorobeinikovaDD.Sprint2.Task5.V8\Tyuiu.KorobeinikovaDD.Sprint2.Task5.V8.csproj", "{2F53E98C-6F9C-4443-897C-F645E15A312F}"
EndProject
Project("{FAE04EC0-301F-11D3-BF4B-00C04F79EFBC}") = "Tyuiu.KorobeinikovaDD.Sprint2.Task5.V8.Lib", "Tyuiu.KorobeinikovaDD.Sprint2.Task5.V8.Lib\Tyuiu.KorobeinikovaDD.Sprint2.Task5.V8.Lib.csproj", "{7CC28B25-1BC8-4956-8453-665299D95F01}"
EndProject
Project("{FAE04EC0-301F-11D3-BF4B-00C04F79EFBC}") = "Tyuiu.KorobeinikovaDD.Sprint2.Task5.V8.Test", "Tyuiu.KorobeinikovaDD.Sprint2.Task5.V8.Test\Tyuiu.KorobeinikovaDD.Sprint2.Task5.V8.Test.csproj", "{52048006-B415-45D6-9ABB-38CB33985DDC}"
EndProject
Global
	GlobalSection(SolutionConfigurationPlatforms) = preSolution
		Debug|Any CPU = Debug|Any CPU
		Release|Any CPU = Release|Any CPU
	EndGlobalSection
	GlobalSection(ProjectConfigurationPlatforms) = postSolution
		{5C5A20AD-C92D-4C43-BF4B-1CCED5B7073E}.Debug|Any CPU.ActiveCfg = Debug|Any CPU
		{5C5A20AD-C92D-4C43-BF4B-1CCED5B7073E}.Debug|Any CPU.Build.0 = Debug|Any CPU
		{5C5A20AD-C92D-4C43-BF4B-1CCED5B7073E}.Release|Any CPU.ActiveCfg = Release|Any CPU
		{5C5A20AD-C92D-4C43-BF4B-1CCED5B7073E}.Release|Any CPU.Build.0 = Release|Any CPU
		{B734F119-3DA8-49B3-9A12-4CCDC4562266}.Debug|Any CPU.ActiveCfg = Debug|Any CPU
		{B734F119-3DA8-49B3-9A12-4CCDC4562266}.Debug|Any CPU.Build.0 = Debug|Any CPU
		{B734F119-3DA8-49B3-9A12-4CCDC4562266}.Release|Any CPU.ActiveCfg = Release|Any CPU
		{B734F119-3DA8-49B3-9A12-4CCDC4562266}.Release|Any CPU.Build.0 = Release|Any CPU
		{08A1690D-5367-406B-91AA-15A913906455}.Debug|Any CPU.ActiveCfg = Debug|Any CPU
		{08A1690D-5367-406B-91AA-15A913906455}.Debug|Any CPU.Build.0 = Debug|Any CPU
		{08A1690D-5367-406B-91AA-15A913906455}.Release|Any CPU.ActiveCfg = Release|Any CPU
		{08A1690D-5367-406B-91AA-15A913906455}.Release|Any CPU.Build.0 = Release|Any CPU
		{6DC170CC-B620-49E1-A89E-F1F219D40898}.Debug|Any CPU.ActiveCfg = Debug|Any CPU
		{6DC170CC-B620-49E1-A89E-F1F219D40898}.Debug|Any CPU.Build.0 = Debug|Any CPU
		{6DC170CC-B620-49E1-A89E-F1F219D40898}.Release|Any CPU.ActiveCfg = Release|Any CPU
		{6DC170CC-B620-49E1-A89E-F1F219D40898}.Release|Any CPU.Build.0 = Release|Any CPU
		{D818B96A-83B1-42E3-9E0A-FC2C16B2E802}.Debug|Any CPU.ActiveCfg = Debug|Any CPU
		{D818B96A-83B1-42E3-9E0A-FC2C16B2E802}.Debug|Any CPU.Build.0 = Debug|Any CPU
		{D818B96A-83B1-42E3-9E0A-FC2C16B2E802}.Release|Any CPU.ActiveCfg = Release|Any CPU
		{D818B96A-83B1-42E3-9E0A-FC2C16B2E802}.Release|Any CPU.Build.0 = Release|Any CPU
		{9AF1DF7A-0F70-4E32-9EC0-41C8492C142A}.Debug|Any CPU.ActiveCfg = Debug|Any CPU
		{9AF1DF7A-0F70-4E32-9EC0-41C8492C142A}.Debug|Any CPU.Build.0 = Debug|Any CPU
		{9AF1DF7A-0F70-4E32-9EC0-41C8492C142A}.Release|Any CPU.ActiveCfg = Release|Any CPU
		{9AF1DF7A-0F70-4E32-9EC0-41C8492C142A}.Release|Any CPU.Build.0 = Release|Any CPU
		{C0C4B069-029C-4956-806F-52C4D7BC0DA0}.Debug|Any CPU.ActiveCfg = Debug|Any CPU
		{C0C4B069-029C-4956-806F-52C4D7BC0DA0}.Debug|Any CPU.Build.0 = Debug|Any CPU
		{C0C4B069-029C-4956-806F-52C4D7BC0DA0}.Release|Any CPU.ActiveCfg = Release|Any CPU
		{C0C4B069-029C-4956-806F-52C4D7BC0DA0}.Release|Any CPU.Build.0 = Release|Any CPU
		{F9DBB3FA-7EC5-49EB-BAE1-89BAD84111C0}.Debug|Any CPU.ActiveCfg = Debug|Any CPU
		{F9DBB3FA-7EC5-49EB-BAE1-89BAD84111C0}.Debug|Any CPU.Build.0 = Debug|Any CPU
		{F9DBB3FA-7EC5-49EB-BAE1-89BAD84111C0}.Release|Any CPU.ActiveCfg = Release|Any CPU
		{F9DBB3FA-7EC5-49EB-BAE1-89BAD84111C0}.Release|Any CPU.Build.0 = Release|Any CPU
		{E6B8384F-9788-45AC-9DCC-5776141FCC75}.Debug|Any CPU.ActiveCfg = Debug|Any CPU
		{E6B8384F-9788-45AC-9DCC-5776141FCC75}.Debug|Any CPU.Build.0 = Debug|Any CPU
		{E6B8384F-9788-45AC-9DCC-5776141FCC75}.Release|Any CPU.ActiveCfg = Release|Any CPU
		{E6B8384F-9788-45AC-9DCC-5776141FCC75}.Release|Any CPU.Build.0 = Release|Any CPU
		{03B2F9B1-B5AF-4392-B716-E1088EE54CF0}.Debug|Any CPU.ActiveCfg = Debug|Any CPU
		{03B2F9B1-B5AF-4392-B716-E1088EE54CF0}.Debug|Any CPU.Build.0 = Debug|Any CPU
		{03B2F9B1-B5AF-4392-B716-E1088EE54CF0}.Release|Any CPU.ActiveCfg = Release|Any CPU
		{03B2F9B1-B5AF-4392-B716-E1088EE54CF0}.Release|Any CPU.Build.0 = Release|Any CPU
		{05E74BF6-90A5-4179-97DB-8FA52D6CA25A}.Debug|Any CPU.ActiveCfg = Debug|Any CPU
		{05E74BF6-90A5-4179-97DB-8FA52D6CA25A}.Debug|Any CPU.Build.0 = Debug|Any CPU
		{05E74BF6-90A5-4179-97DB-8FA52D6CA25A}.Release|Any CPU.ActiveCfg = Release|Any CPU
		{05E74BF6-90A5-4179-97DB-8FA52D6CA25A}.Release|Any CPU.Build.0 = Release|Any CPU
		{87C9A3D7-E3B6-4DAD-A5C6-C83A6EB382FC}.Debug|Any CPU.ActiveCfg = Debug|Any CPU
		{87C9A3D7-E3B6-4DAD-A5C6-C83A6EB382FC}.Debug|Any CPU.Build.0 = Debug|Any CPU
		{87C9A3D7-E3B6-4DAD-A5C6-C83A6EB382FC}.Release|Any CPU.ActiveCfg = Release|Any CPU
		{87C9A3D7-E3B6-4DAD-A5C6-C83A6EB382FC}.Release|Any CPU.Build.0 = Release|Any CPU
		{5CF2DF19-96A3-4731-BE09-81C3B8983394}.Debug|Any CPU.ActiveCfg = Debug|Any CPU
		{5CF2DF19-96A3-4731-BE09-81C3B8983394}.Debug|Any CPU.Build.0 = Debug|Any CPU
		{5CF2DF19-96A3-4731-BE09-81C3B8983394}.Release|Any CPU.ActiveCfg = Release|Any CPU
		{5CF2DF19-96A3-4731-BE09-81C3B8983394}.Release|Any CPU.Build.0 = Release|Any CPU
		{1C5F00B2-0B76-462B-87AC-5931CA5377A4}.Debug|Any CPU.ActiveCfg = Debug|Any CPU
		{1C5F00B2-0B76-462B-87AC-5931CA5377A4}.Debug|Any CPU.Build.0 = Debug|Any CPU
		{1C5F00B2-0B76-462B-87AC-5931CA5377A4}.Release|Any CPU.ActiveCfg = Release|Any CPU
		{1C5F00B2-0B76-462B-87AC-5931CA5377A4}.Release|Any CPU.Build.0 = Release|Any CPU
		{D7FDE9BB-68EF-4758-AF89-E9B5AE52C1FC}.Debug|Any CPU.ActiveCfg = Debug|Any CPU
		{D7FDE9BB-68EF-4758-AF89-E9B5AE52C1FC}.Debug|Any CPU.Build.0 = Debug|Any CPU
		{D7FDE9BB-68EF-4758-AF89-E9B5AE52C1FC}.Release|Any CPU.ActiveCfg = Release|Any CPU
		{D7FDE9BB-68EF-4758-AF89-E9B5AE52C1FC}.Release|Any CPU.Build.0 = Release|Any CPU
		{2F53E98C-6F9C-4443-897C-F645E15A312F}.Debug|Any CPU.ActiveCfg = Debug|Any CPU
		{2F53E98C-6F9C-4443-897C-F645E15A312F}.Debug|Any CPU.Build.0 = Debug|Any CPU
		{2F53E98C-6F9C-4443-897C-F645E15A312F}.Release|Any CPU.ActiveCfg = Release|Any CPU
		{2F53E98C-6F9C-4443-897C-F645E15A312F}.Release|Any CPU.Build.0 = Release|Any CPU
		{7CC28B25-1BC8-4956-8453-665299D95F01}.Debug|Any CPU.ActiveCfg = Debug|Any CPU
		{7CC28B25-1BC8-4956-8453-665299D95F01}.Debug|Any CPU.Build.0 = Debug|Any CPU
		{7CC28B25-1BC8-4956-8453-665299D95F01}.Release|Any CPU.ActiveCfg = Release|Any CPU
		{7CC28B25-1BC8-4956-8453-665299D95F01}.Release|Any CPU.Build.0 = Release|Any CPU
		{52048006-B415-45D6-9ABB-38CB33985DDC}.Debug|Any CPU.ActiveCfg = Debug|Any CPU
		{52048006-B415-45D6-9ABB-38CB33985DDC}.Debug|Any CPU.Build.0 = Debug|Any CPU
		{52048006-B415-45D6-9ABB-38CB33985DDC}.Release|Any CPU.ActiveCfg = Release|Any CPU
		{52048006-B415-45D6-9ABB-38CB33985DDC}.Release|Any CPU.Build.0 = Release|Any CPU
	EndGlobalSection
	GlobalSection(SolutionProperties) = preSolution
		HideSolutionNode = FALSE
	EndGlobalSection
	GlobalSection(NestedProjects) = preSolution
		{5C5A20AD-C92D-4C43-BF4B-1CCED5B7073E} = {CE244F25-FA83-468D-A3B4-D759D72524CF}
		{B734F119-3DA8-49B3-9A12-4CCDC4562266} = {CE244F25-FA83-468D-A3B4-D759D72524CF}
		{08A1690D-5367-406B-91AA-15A913906455} = {CE244F25-FA83-468D-A3B4-D759D72524CF}
		{6DC170CC-B620-49E1-A89E-F1F219D40898} = {469B2E9E-51DC-4610-935B-ACB64AA9D1EF}
		{D818B96A-83B1-42E3-9E0A-FC2C16B2E802} = {469B2E9E-51DC-4610-935B-ACB64AA9D1EF}
		{9AF1DF7A-0F70-4E32-9EC0-41C8492C142A} = {469B2E9E-51DC-4610-935B-ACB64AA9D1EF}
		{C0C4B069-029C-4956-806F-52C4D7BC0DA0} = {5A8A506B-FCD4-4C63-A383-922825C906CA}
		{F9DBB3FA-7EC5-49EB-BAE1-89BAD84111C0} = {5A8A506B-FCD4-4C63-A383-922825C906CA}
		{E6B8384F-9788-45AC-9DCC-5776141FCC75} = {5A8A506B-FCD4-4C63-A383-922825C906CA}
		{03B2F9B1-B5AF-4392-B716-E1088EE54CF0} = {9A1020C6-C45A-44F7-8E4F-8E31B4596830}
		{05E74BF6-90A5-4179-97DB-8FA52D6CA25A} = {9A1020C6-C45A-44F7-8E4F-8E31B4596830}
		{87C9A3D7-E3B6-4DAD-A5C6-C83A6EB382FC} = {9A1020C6-C45A-44F7-8E4F-8E31B4596830}
		{5CF2DF19-96A3-4731-BE09-81C3B8983394} = {EE9526EC-2323-4AEA-A284-1983F5B3833E}
		{1C5F00B2-0B76-462B-87AC-5931CA5377A4} = {EE9526EC-2323-4AEA-A284-1983F5B3833E}
		{D7FDE9BB-68EF-4758-AF89-E9B5AE52C1FC} = {EE9526EC-2323-4AEA-A284-1983F5B3833E}
		{2F53E98C-6F9C-4443-897C-F645E15A312F} = {A55894F2-25E0-4360-A7DD-67083476DCCE}
		{7CC28B25-1BC8-4956-8453-665299D95F01} = {A55894F2-25E0-4360-A7DD-67083476DCCE}
		{52048006-B415-45D6-9ABB-38CB33985DDC} = {A55894F2-25E0-4360-A7DD-67083476DCCE}
	EndGlobalSection
	GlobalSection(ExtensibilityGlobals) = postSolution
		SolutionGuid = {9E150960-DDEF-4293-9FFA-979C615C69E6}
	EndGlobalSection
EndGlobal
